{
  "nodes": {
    "activate-niksos": {
      "inputs": {
        "fenix": [
          "naersk",
          "fenix"
        ],
        "naersk": [
          "naersk"
        ],
        "nixpkgs": [
          "nixpkgs"
        ]
      },
      "locked": {
        "lastModified": 1755197699,
        "narHash": "sha256-x2Q1COYRlhF99xL7RRR22lNPmzCD1haCjOD7o8nMAxQ=",
        "owner": "NikSneMC",
        "repo": "activate-niksos",
        "rev": "e7f8135dcb17fb11d51c1fdb91ccb8bf7c54b2b4",
        "type": "github"
      },
      "original": {
        "owner": "NikSneMC",
        "repo": "activate-niksos",
        "type": "github"
      }
    },
    "agenix": {
      "inputs": {
        "darwin": [],
        "home-manager": [
          "hm"
        ],
        "nixpkgs": [
          "nixpkgs"
        ],
        "systems": [
          "flake-utils",
          "systems"
        ]
      },
      "locked": {
        "lastModified": 1762618334,
        "narHash": "sha256-wyT7Pl6tMFbFrs8Lk/TlEs81N6L+VSybPfiIgzU8lbQ=",
        "owner": "ryantm",
        "repo": "agenix",
        "rev": "fcdea223397448d35d9b31f798479227e80183f6",
        "type": "github"
      },
      "original": {
        "owner": "ryantm",
        "repo": "agenix",
        "type": "github"
      }
    },
    "assets": {
      "flake": false,
      "locked": {
        "lastModified": 1765289098,
        "narHash": "sha256-StxeCPkJp7tCCJwspTGPQCOqNuqK1QlNifJU8j51s98=",
        "owner": "NikSneMC",
        "repo": "NikSOS",
        "rev": "739dc516cc7dd19a9b76c6da985db225425d0f5a",
        "type": "github"
      },
      "original": {
        "owner": "NikSneMC",
        "ref": "assets",
        "repo": "NikSOS",
        "type": "github"
      }
    },
    "cachyos-kernel": {
      "flake": false,
      "locked": {
        "lastModified": 1770052877,
        "narHash": "sha256-Ejj9F2obMjVoy0Jsugw6txHFaR9ziuErYIt58cIJqzE=",
        "owner": "CachyOS",
        "repo": "linux-cachyos",
        "rev": "1f8a79ffeac6f319a8c0fc3abad27a3ec7762abf",
        "type": "github"
      },
      "original": {
        "owner": "CachyOS",
        "repo": "linux-cachyos",
        "type": "github"
      }
    },
    "cachyos-kernel-patches": {
      "flake": false,
      "locked": {
        "lastModified": 1770051966,
        "narHash": "sha256-udCJTbUAEZm5zBrr4zVVjpBLQtCC/vQlkIOLnEGr5Ik=",
        "owner": "CachyOS",
        "repo": "kernel-patches",
        "rev": "bfa4ff5231408610ffcc92898cd1e4c9bd55e452",
        "type": "github"
      },
      "original": {
        "owner": "CachyOS",
        "repo": "kernel-patches",
        "type": "github"
      }
    },
    "catppuccin": {
      "inputs": {
        "nixpkgs": [
          "nixpkgs"
        ]
      },
      "locked": {
        "lastModified": 1764593106,
        "narHash": "sha256-a0wenkFBwR2lFoFub56cFy18xeoV6ylNJ4AZ+AUNY8c=",
        "owner": "NikSneMC",
        "repo": "catppuccin-nix",
        "rev": "dd2e9d47dd3bf29e944c06d0185c3659f197e3c4",
        "type": "github"
      },
      "original": {
        "owner": "NikSneMC",
        "repo": "catppuccin-nix",
        "type": "github"
      }
    },
    "danksearch": {
      "inputs": {
        "nixpkgs": [
          "nixpkgs"
        ]
      },
      "locked": {
        "lastModified": 1770750191,
        "narHash": "sha256-wPr0vXO3utOQCev8lIBjNtKbUeEkXE3pkZJoQSobyBM=",
        "owner": "AvengeMedia",
        "repo": "danksearch",
        "rev": "84cfcb04313f423e587e2c48c5f9a87e31084870",
        "type": "github"
      },
      "original": {
        "owner": "AvengeMedia",
        "repo": "danksearch",
        "type": "github"
      }
    },
    "discord-rpc-lsp": {
      "inputs": {
        "flake-utils": [
          "flake-utils"
        ],
        "nixpkgs": [
          "nixpkgs"
        ]
      },
      "locked": {
        "lastModified": 1755259527,
        "narHash": "sha256-c65MUoHqFl0ezFs/corRVuHzK1cnuZhOtdrj5wwYouo=",
        "owner": "invra",
        "repo": "discord-rpc-lsp",
        "rev": "f4f6ab950c109a9db765664d7087956a2d6c8f9e",
        "type": "gitlab"
      },
      "original": {
        "owner": "invra",
        "repo": "discord-rpc-lsp",
        "type": "gitlab"
      }
    },
    "disko": {
      "inputs": {
        "nixpkgs": [
          "nixpkgs"
        ]
      },
      "locked": {
        "lastModified": 1769524058,
        "narHash": "sha256-zygdD6X1PcVNR2PsyK4ptzrVEiAdbMqLos7utrMDEWE=",
        "owner": "nix-community",
        "repo": "disko",
        "rev": "71a3fc97d80881e91710fe721f1158d3b96ae14d",
        "type": "github"
      },
      "original": {
        "owner": "nix-community",
        "repo": "disko",
        "type": "github"
      }
    },
    "dms": {
      "inputs": {
        "nixpkgs": [
          "nixpkgs"
        ],
        "quickshell": "quickshell"
      },
      "locked": {
        "lastModified": 1769661353,
        "narHash": "sha256-dszKfUFk6vlVtN9XTidYgZf/NHyW6LddkCFhAbfyjus=",
        "owner": "AvengeMedia",
        "repo": "DankMaterialShell",
        "rev": "ac509933d7a930653e33f821ff63aec521420181",
        "type": "github"
      },
      "original": {
        "owner": "AvengeMedia",
        "repo": "DankMaterialShell",
        "type": "github"
      }
    },
    "fenix": {
      "inputs": {
        "nixpkgs": [
          "naersk",
          "nixpkgs"
        ],
        "rust-analyzer-src": "rust-analyzer-src"
      },
      "locked": {
        "lastModified": 1770361936,
        "narHash": "sha256-vHZIldWqzXPZykvbjQ9w0DoBa1zWO968PogoMdL4Y4s=",
        "owner": "nix-community",
        "repo": "fenix",
        "rev": "2d4752f3646f724a5c18468d3c842bde938d3bce",
        "type": "github"
      },
      "original": {
        "owner": "nix-community",
        "repo": "fenix",
        "type": "github"
      }
    },
    "flake-compat": {
      "locked": {
        "lastModified": 1767039857,
        "narHash": "sha256-vNpUSpF5Nuw8xvDLj2KCwwksIbjua2LZCqhV1LNRDns=",
        "owner": "edolstra",
        "repo": "flake-compat",
        "rev": "5edf11c44bc78a0d334f6334cdaf7d60d732daab",
        "type": "github"
      },
      "original": {
        "owner": "edolstra",
        "repo": "flake-compat",
        "type": "github"
      }
    },
    "flake-parts": {
      "inputs": {
        "nixpkgs-lib": [
          "nixpkgs"
        ]
      },
      "locked": {
        "lastModified": 1768135262,
        "narHash": "sha256-PVvu7OqHBGWN16zSi6tEmPwwHQ4rLPU9Plvs8/1TUBY=",
        "owner": "hercules-ci",
        "repo": "flake-parts",
        "rev": "80daad04eddbbf5a4d883996a73f3f542fa437ac",
        "type": "github"
      },
      "original": {
        "owner": "hercules-ci",
        "repo": "flake-parts",
        "type": "github"
      }
    },
    "flake-utils": {
      "inputs": {
        "systems": "systems"
      },
      "locked": {
        "lastModified": 1731533236,
        "narHash": "sha256-l0KFg5HjrsfsO/JpG+r7fRrqm12kzFHyUHqHCVpMMbI=",
        "owner": "numtide",
        "repo": "flake-utils",
        "rev": "11707dc2f618dd54ca8739b309ec4fc024de578b",
        "type": "github"
      },
      "original": {
        "owner": "numtide",
        "repo": "flake-utils",
        "type": "github"
      }
    },
    "git-helper": {
      "inputs": {
        "fenix": [
          "naersk",
          "fenix"
        ],
        "flake-utils": [
          "flake-utils"
        ],
        "naersk": [
          "naersk"
        ],
        "nixpkgs": [
          "nixpkgs"
        ]
      },
      "locked": {
        "lastModified": 1767520925,
        "narHash": "sha256-cfVs05OHlVhJrUSlTyTO/L53tRFM+Afu943f0E9zN6U=",
        "owner": "NiKSneMC",
        "repo": "git-helper",
        "rev": "38848baacac950ac6c31791c0c1d5473c11024e9",
        "type": "github"
      },
      "original": {
        "owner": "NiKSneMC",
        "repo": "git-helper",
        "type": "github"
      }
    },
    "git-hooks": {
      "inputs": {
        "flake-compat": [
          "flake-compat"
        ],
        "gitignore": "gitignore",
        "nixpkgs": [
          "nixpkgs"
        ]
      },
      "locked": {
        "lastModified": 1769069492,
        "narHash": "sha256-Efs3VUPelRduf3PpfPP2ovEB4CXT7vHf8W+xc49RL/U=",
        "owner": "cachix",
        "repo": "git-hooks.nix",
        "rev": "a1ef738813b15cf8ec759bdff5761b027e3e1d23",
        "type": "github"
      },
      "original": {
        "owner": "cachix",
        "repo": "git-hooks.nix",
        "type": "github"
      }
    },
    "gitignore": {
      "inputs": {
        "nixpkgs": [
          "git-hooks",
          "nixpkgs"
        ]
      },
      "locked": {
        "lastModified": 1709087332,
        "narHash": "sha256-HG2cCnktfHsKV0s4XW83gU3F57gaTljL9KNSuG6bnQs=",
        "owner": "hercules-ci",
        "repo": "gitignore.nix",
        "rev": "637db329424fd7e46cf4185293b9cc8c88c95394",
        "type": "github"
      },
      "original": {
        "owner": "hercules-ci",
        "repo": "gitignore.nix",
        "type": "github"
      }
    },
    "helix": {
      "inputs": {
        "nixpkgs": "nixpkgs",
        "rust-overlay": "rust-overlay"
      },
      "locked": {
        "lastModified": 1769677805,
        "narHash": "sha256-UprLJXveCL3zhnGWSZgHF2tv1vESTsInwFT3enBWmOc=",
        "owner": "helix-editor",
        "repo": "helix",
        "rev": "a55888c0d42d0fb5184037c4d3376483fe0f6a0d",
        "type": "github"
      },
      "original": {
        "owner": "helix-editor",
        "repo": "helix",
        "type": "github"
      }
    },
    "hm": {
      "inputs": {
        "nixpkgs": [
          "nixpkgs"
        ]
      },
      "locked": {
        "lastModified": 1769638001,
        "narHash": "sha256-hGwdJ/+oo+IRo2TiWV/V8BWWptQihcdFV/olTONaHqg=",
        "owner": "nix-community",
        "repo": "home-manager",
        "rev": "bd9f031efc634be4b80c5090b9171cc3a9f8e49c",
        "type": "github"
      },
      "original": {
        "owner": "nix-community",
        "repo": "home-manager",
        "type": "github"
      }
    },
    "master": {
      "locked": {
        "lastModified": 1769687066,
        "narHash": "sha256-f9+SMaSRfz3JSr5ZwZ2E9gipnCPhtqdoL8Pvk03aCe8=",
        "owner": "NixOS",
        "repo": "nixpkgs",
        "rev": "3b372930e8bd134103eb2d50690325ed7324cc82",
        "type": "github"
      },
      "original": {
        "owner": "NixOS",
        "ref": "master",
        "repo": "nixpkgs",
        "type": "github"
      }
    },
    "naersk": {
      "inputs": {
        "fenix": "fenix",
        "nixpkgs": [
          "nixpkgs"
        ]
      },
      "locked": {
        "lastModified": 1768908532,
        "narHash": "sha256-HIdLXEFaUVE8FiaCPJbCfBMsnF+mVtDub8Jwj2BD+mk=",
        "owner": "nix-community",
        "repo": "naersk",
        "rev": "8d97452673640eb7fabe428e8b6a425bc355008b",
        "type": "github"
      },
      "original": {
        "owner": "nix-community",
        "repo": "naersk",
        "type": "github"
      }
    },
    "nikspkgs": {
      "locked": {
        "lastModified": 1765825455,
        "narHash": "sha256-Hee9jc6qWUcAbvP5RM1ZzQiVrSb0P/VAQTSg4YL6pAY=",
        "owner": "NikSneMC",
        "repo": "NikSpkgs",
        "rev": "79b1ea12ce9a05cae8c70b22798afd79856f861f",
        "type": "github"
      },
      "original": {
        "owner": "NikSneMC",
        "ref": "niksos",
        "repo": "NikSpkgs",
        "type": "github"
      }
    },
    "niri-flake": {
      "inputs": {
        "niri-stable": "niri-stable",
        "niri-unstable": "niri-unstable",
        "nixpkgs": "nixpkgs_2",
        "nixpkgs-stable": "nixpkgs-stable",
        "xwayland-satellite-stable": "xwayland-satellite-stable",
        "xwayland-satellite-unstable": "xwayland-satellite-unstable"
      },
      "locked": {
        "lastModified": 1769647464,
        "narHash": "sha256-SDZms/fjrXRgL+QA+RfvTMClhPGfPn1TnIdNwoujEo4=",
        "owner": "sodiboo",
        "repo": "niri-flake",
        "rev": "e3d4bf00f7d40fca03fecab5c7a46277a6eb9fed",
        "type": "github"
      },
      "original": {
        "owner": "sodiboo",
        "repo": "niri-flake",
        "type": "github"
      }
    },
    "niri-stable": {
      "flake": false,
      "locked": {
        "lastModified": 1756556321,
        "narHash": "sha256-RLD89dfjN0RVO86C/Mot0T7aduCygPGaYbog566F0Qo=",
        "owner": "YaLTeR",
        "repo": "niri",
        "rev": "01be0e65f4eb91a9cd624ac0b76aaeab765c7294",
        "type": "github"
      },
      "original": {
        "owner": "YaLTeR",
        "ref": "v25.08",
        "repo": "niri",
        "type": "github"
      }
    },
    "niri-unstable": {
      "flake": false,
      "locked": {
        "lastModified": 1769577126,
        "narHash": "sha256-v9vz9Rj4MGwPuhGELdvpRKl2HH+xvkgat6VwL0L86Fg=",
        "owner": "YaLTeR",
        "repo": "niri",
        "rev": "f30db163b5748e8cf95c05aba77d0d3736f40543",
        "type": "github"
      },
      "original": {
        "owner": "YaLTeR",
        "repo": "niri",
        "type": "github"
      }
    },
    "nix-cachyos-kernel": {
      "inputs": {
        "cachyos-kernel": "cachyos-kernel",
        "cachyos-kernel-patches": "cachyos-kernel-patches",
        "flake-compat": [
          "flake-compat"
        ],
        "flake-parts": [
          "flake-parts"
        ],
        "nixpkgs": "nixpkgs_3"
      },
      "locked": {
        "lastModified": 1770055712,
        "narHash": "sha256-VpbF4JDFPSW2crh0tP5EiegnuTkj3fACs0SLWDhlfPM=",
        "owner": "xddxdd",
        "repo": "nix-cachyos-kernel",
        "rev": "220dce3edcb81188ecb896382699884243d1c2e3",
        "type": "github"
      },
      "original": {
        "owner": "xddxdd",
        "ref": "release",
        "repo": "nix-cachyos-kernel",
        "type": "github"
      }
    },
    "nix-minecraft": {
      "inputs": {
        "flake-compat": [
          "private",
          "flake-compat"
        ],
        "flake-utils": [
          "private",
          "flake-utils"
        ],
        "nixpkgs": [
          "private",
          "nixpkgs"
        ]
      },
      "locked": {
        "lastModified": 1764986396,
        "narHash": "sha256-HYBvpziKGvKY/XfMCBRCTuUUqhPWjWiWaPthIsPzGDk=",
        "owner": "Infinidoge",
        "repo": "nix-minecraft",
        "rev": "70b931d67256ad7ebfced45ed797c016943bbff2",
        "type": "github"
      },
      "original": {
        "owner": "Infinidoge",
        "repo": "nix-minecraft",
        "type": "github"
      }
    },
    "nix-python": {
      "inputs": {
        "flake-compat": [
          "private",
          "flake-compat"
        ],
        "flake-utils": [
          "private",
          "flake-utils"
        ],
        "nixpkgs": [
          "private",
          "nixpkgs"
        ]
      },
      "locked": {
        "lastModified": 1728241922,
        "narHash": "sha256-9LEp3jAZSJFiUWZ8YDJXSrf7pOJ3ShCNK+EQZjajl8Q=",
        "owner": "NiKSneMC",
        "repo": "nix-python",
        "rev": "8e770b13f30e2dff3497580ae52db83a8b904ebb",
        "type": "github"
      },
      "original": {
        "owner": "NiKSneMC",
        "repo": "nix-python",
        "type": "github"
      }
    },
    "nixos-avf": {
      "inputs": {
        "nixpkgs": [
          "nixpkgs"
        ]
      },
      "locked": {
        "lastModified": 1765447276,
        "narHash": "sha256-LCPbQmI40wpwnlyLneMCnYdH+8XiFkXYb9hDBBKSGT0=",
        "owner": "NikSneMC",
        "repo": "nixos-avf",
        "rev": "22fd49132e9860950a253966f5e6e4afee56000c",
        "type": "github"
      },
      "original": {
        "owner": "NikSneMC",
        "repo": "nixos-avf",
        "type": "github"
      }
    },
    "nixos-hardware": {
      "locked": {
        "lastModified": 1769302137,
        "narHash": "sha256-QEDtctEkOsbx8nlFh4yqPEOtr4tif6KTqWwJ37IM2ds=",
        "owner": "NixOS",
        "repo": "nixos-hardware",
        "rev": "a351494b0e35fd7c0b7a1aae82f0afddf4907aa8",
        "type": "github"
      },
      "original": {
        "owner": "NixOS",
        "repo": "nixos-hardware",
        "type": "github"
      }
    },
    "nixos-wsl": {
      "inputs": {
        "flake-compat": [
          "flake-compat"
        ],
        "nixpkgs": [
          "nixpkgs"
        ]
      },
      "locked": {
        "lastModified": 1769217863,
        "narHash": "sha256-RY9kJDXD6+2Td/59LkZ0PFSereCXHdBX9wIkbYjRKCY=",
        "owner": "nix-community",
        "repo": "NixOS-WSL",
        "rev": "38a5250e57f583662eac3b944830e4b9e169e965",
        "type": "github"
      },
      "original": {
        "owner": "nix-community",
        "repo": "NixOS-WSL",
        "type": "github"
      }
    },
    "nixpkgs": {
      "locked": {
        "lastModified": 1759381078,
        "narHash": "sha256-gTrEEp5gEspIcCOx9PD8kMaF1iEmfBcTbO0Jag2QhQs=",
        "owner": "nixos",
        "repo": "nixpkgs",
        "rev": "7df7ff7d8e00218376575f0acdcc5d66741351ee",
        "type": "github"
      },
      "original": {
        "owner": "nixos",
        "ref": "nixos-unstable",
        "repo": "nixpkgs",
        "type": "github"
      }
    },
    "nixpkgs-stable": {
      "locked": {
        "lastModified": 1769598131,
        "narHash": "sha256-e7VO/kGLgRMbWtpBqdWl0uFg8Y2XWFMdz0uUJvlML8o=",
        "owner": "NixOS",
        "repo": "nixpkgs",
        "rev": "fa83fd837f3098e3e678e6cf017b2b36102c7211",
        "type": "github"
      },
      "original": {
        "owner": "NixOS",
        "ref": "nixos-25.11",
        "repo": "nixpkgs",
        "type": "github"
      }
    },
    "nixpkgs_2": {
      "locked": {
        "lastModified": 1769461804,
        "narHash": "sha256-msG8SU5WsBUfVVa/9RPLaymvi5bI8edTavbIq3vRlhI=",
        "owner": "NixOS",
        "repo": "nixpkgs",
        "rev": "bfc1b8a4574108ceef22f02bafcf6611380c100d",
        "type": "github"
      },
      "original": {
        "owner": "NixOS",
        "ref": "nixos-unstable",
        "repo": "nixpkgs",
        "type": "github"
      }
    },
    "nixpkgs_3": {
      "locked": {
        "lastModified": 1770030960,
        "narHash": "sha256-b9kW8RiZYQjSYKcFRYwc2vPB08F8xjaTS85tv+lP0YA=",
        "owner": "NixOS",
        "repo": "nixpkgs",
        "rev": "0fe992afb42c8f9077ba77d1bb9795492cc7a4b3",
        "type": "github"
      },
      "original": {
        "owner": "NixOS",
        "ref": "nixos-unstable-small",
        "repo": "nixpkgs",
        "type": "github"
      }
    },
    "nixpkgs_4": {
      "locked": {
        "lastModified": 1768886240,
        "narHash": "sha256-C2TjvwYZ2VDxYWeqvvJ5XPPp6U7H66zeJlRaErJKoEM=",
        "owner": "NixOS",
        "repo": "nixpkgs",
        "rev": "80e4adbcf8992d3fd27ad4964fbb84907f9478b0",
        "type": "github"
      },
      "original": {
        "owner": "NixOS",
        "ref": "nixos-unstable",
        "repo": "nixpkgs",
        "type": "github"
      }
    },
    "private": {
      "inputs": {
        "flake-compat": [
          "flake-parts"
        ],
        "flake-utils": [
          "flake-utils"
        ],
        "nix-minecraft": "nix-minecraft",
        "nix-python": "nix-python",
        "nixpkgs": [
          "nixpkgs"
        ]
      },
      "locked": {
        "lastModified": 1770428411,
        "narHash": "sha256-dW8+M4l8G+n7xJVIEuqRs6BwH0QLXLOt5K+8vtU+jts=",
        "owner": "NikSneMC",
        "repo": "NikSOS-private",
        "rev": "9c2ded89d7c9523b46d5d20f684ee725aef8698f",
        "type": "github"
      },
      "original": {
        "owner": "NikSneMC",
        "repo": "NikSOS-private",
        "type": "github"
      }
    },
    "quickshell": {
      "inputs": {
        "nixpkgs": [
          "dms",
          "nixpkgs"
        ]
      },
      "locked": {
        "lastModified": 1766725085,
        "narHash": "sha256-O2aMFdDUYJazFrlwL7aSIHbUSEm3ADVZjmf41uBJfHs=",
        "ref": "refs/heads/master",
        "rev": "41828c4180fb921df7992a5405f5ff05d2ac2fff",
        "revCount": 715,
        "type": "git",
        "url": "https://git.outfoxxed.me/quickshell/quickshell"
      },
      "original": {
        "rev": "41828c4180fb921df7992a5405f5ff05d2ac2fff",
        "type": "git",
        "url": "https://git.outfoxxed.me/quickshell/quickshell"
      }
    },
    "root": {
      "inputs": {
        "activate-niksos": "activate-niksos",
        "agenix": "agenix",
        "assets": "assets",
        "catppuccin": "catppuccin",
        "danksearch": "danksearch",
        "discord-rpc-lsp": "discord-rpc-lsp",
        "disko": "disko",
        "dms": "dms",
        "flake-compat": "flake-compat",
        "flake-parts": "flake-parts",
        "flake-utils": "flake-utils",
        "git-helper": "git-helper",
        "git-hooks": "git-hooks",
        "helix": "helix",
        "hm": "hm",
        "master": "master",
        "naersk": "naersk",
        "nikspkgs": "nikspkgs",
        "niri-flake": "niri-flake",
        "nix-cachyos-kernel": "nix-cachyos-kernel",
        "nixos-avf": "nixos-avf",
        "nixos-hardware": "nixos-hardware",
        "nixos-wsl": "nixos-wsl",
        "nixpkgs": [
          "unstable"
        ],
        "private": "private",
        "spicetify-nix": "spicetify-nix",
        "stable": "stable",
        "unstable": "unstable",
        "wakatime-ls": "wakatime-ls",
        "zen-browser": "zen-browser"
      }
    },
    "rust-analyzer-src": {
      "flake": false,
      "locked": {
        "lastModified": 1770290336,
        "narHash": "sha256-rJ79U68ZLjCSg1Qq+63aBXi//W7blaKiYq9NnfeTboA=",
        "owner": "rust-lang",
        "repo": "rust-analyzer",
        "rev": "d2a00da09293267e5be2efb216698762929d7140",
        "type": "github"
      },
      "original": {
        "owner": "rust-lang",
        "ref": "nightly",
        "repo": "rust-analyzer",
        "type": "github"
      }
    },
    "rust-overlay": {
      "inputs": {
        "nixpkgs": [
          "helix",
          "nixpkgs"
        ]
      },
      "locked": {
        "lastModified": 1759631821,
        "narHash": "sha256-V8A1L0FaU/aSXZ1QNJScxC12uP4hANeRBgI4YdhHeRM=",
        "owner": "oxalica",
        "repo": "rust-overlay",
        "rev": "1d7cbdaad90f8a5255a89a6eddd8af24dc89cafe",
        "type": "github"
      },
      "original": {
        "owner": "oxalica",
        "repo": "rust-overlay",
        "type": "github"
      }
    },
    "rust-overlay_2": {
      "inputs": {
        "nixpkgs": [
          "wakatime-ls",
          "nixpkgs"
        ]
      },
      "locked": {
        "lastModified": 1768963622,
        "narHash": "sha256-n6VHiUgrYD9yjagzG6ncVVqFbVTsKCI54tR9PNAFCo0=",
        "owner": "oxalica",
        "repo": "rust-overlay",
        "rev": "2ef5b3362af585a83bafd34e7fc9b1f388c2e5e2",
        "type": "github"
      },
      "original": {
        "owner": "oxalica",
        "repo": "rust-overlay",
        "type": "github"
      }
    },
    "spicetify-nix": {
      "inputs": {
        "nixpkgs": [
          "nixpkgs"
        ],
        "systems": [
          "flake-utils",
          "systems"
        ]
      },
      "locked": {
        "lastModified": 1769316930,
        "narHash": "sha256-4EOGHYLpIscwr+6drHE28Qj7NDjjowp2Vd8QkXjdBBE=",
        "owner": "Gerg-L",
        "repo": "spicetify-nix",
        "rev": "b2ce438f386943ef611e196a178af2d79042903b",
        "type": "github"
      },
      "original": {
        "owner": "Gerg-L",
        "repo": "spicetify-nix",
        "type": "github"
      }
    },
    "stable": {
      "locked": {
        "lastModified": 1767313136,
        "narHash": "sha256-16KkgfdYqjaeRGBaYsNrhPRRENs0qzkQVUooNHtoy2w=",
        "owner": "NixOS",
        "repo": "nixpkgs",
        "rev": "ac62194c3917d5f474c1a844b6fd6da2db95077d",
        "type": "github"
      },
      "original": {
        "owner": "NixOS",
        "ref": "nixos-25.05",
        "repo": "nixpkgs",
        "type": "github"
      }
    },
    "systems": {
      "locked": {
        "lastModified": 1681028828,
        "narHash": "sha256-Vy1rq5AaRuLzOxct8nz4T6wlgyUR7zLU309k9mBC768=",
        "owner": "nix-systems",
        "repo": "default",
        "rev": "da67096a3b9bf56a91d16901293e51ba5b49a27e",
        "type": "github"
      },
      "original": {
        "owner": "nix-systems",
        "repo": "default",
        "type": "github"
      }
    },
    "unstable": {
      "locked": {
        "lastModified": 1769461804,
        "narHash": "sha256-msG8SU5WsBUfVVa/9RPLaymvi5bI8edTavbIq3vRlhI=",
        "owner": "NixOS",
        "repo": "nixpkgs",
        "rev": "bfc1b8a4574108ceef22f02bafcf6611380c100d",
        "type": "github"
      },
      "original": {
        "owner": "NixOS",
        "ref": "nixos-unstable",
        "repo": "nixpkgs",
        "type": "github"
      }
    },
    "wakatime-ls": {
      "inputs": {
        "gitignore": [
          "git-hooks",
          "gitignore"
        ],
        "nixpkgs": "nixpkgs_4",
        "rust-overlay": "rust-overlay_2"
      },
      "locked": {
        "lastModified": 1769028552,
        "narHash": "sha256-Bar3IvEYAeIqXhu0O8estmOToMZrYxWBsrQbxlygjv8=",
        "owner": "mrnossiom",
        "repo": "wakatime-ls",
        "rev": "9aba73540151890f5df2bf2f766dec3591aca610",
        "type": "github"
      },
      "original": {
        "owner": "mrnossiom",
        "repo": "wakatime-ls",
        "type": "github"
      }
    },
    "xwayland-satellite-stable": {
      "flake": false,
      "locked": {
        "lastModified": 1755491097,
        "narHash": "sha256-m+9tUfsmBeF2Gn4HWa6vSITZ4Gz1eA1F5Kh62B0N4oE=",
        "owner": "Supreeeme",
        "repo": "xwayland-satellite",
        "rev": "388d291e82ffbc73be18169d39470f340707edaa",
        "type": "github"
      },
      "original": {
        "owner": "Supreeeme",
        "ref": "v0.7",
        "repo": "xwayland-satellite",
        "type": "github"
      }
    },
    "xwayland-satellite-unstable": {
      "flake": false,
      "locked": {
        "lastModified": 1769356222,
        "narHash": "sha256-Q0BVubV9ZnmLs506EhBSPglM+YJK56wsQNbeecvWPUo=",
        "owner": "Supreeeme",
        "repo": "xwayland-satellite",
        "rev": "cf14278b92b0a91d01587f09b4b00ea655ae24e6",
        "type": "github"
      },
      "original": {
        "owner": "Supreeeme",
        "repo": "xwayland-satellite",
        "type": "github"
      }
    },
    "zen-browser": {
      "inputs": {
        "nixpkgs": [
          "nixpkgs"
        ]
      },
      "locked": {
        "lastModified": 1769651094,
        "narHash": "sha256-IvBBKy7UeghOnKM45BiiDeG0ECHFrtqGYOTb51vQsaE=",
        "owner": "NikSneMC",
        "repo": "zen-browser-flake",
        "rev": "cdb99992bea7c3bf828c43833879d9a04d98f3ef",
        "type": "github"
      },
      "original": {
        "owner": "NikSneMC",
        "repo": "zen-browser-flake",
        "type": "github"
      }
    }
  },
  "root": "root",
  "version": 7
}
