{
  "nodes": {
    "activate-niksos": {
      "inputs": {
        "fenix": [
          "fenix"
        ],
        "naersk": [
          "naersk"
        ],
        "nixpkgs": [
          "nixpkgs"
        ]
      },
      "locked": {
        "lastModified": 1755197699,
        "narHash": "sha256-x2Q1COYRlhF99xL7RRR22lNPmzCD1haCjOD7o8nMAxQ=",
        "owner": "NikSneMC",
        "repo": "activate-niksos",
        "rev": "e7f8135dcb17fb11d51c1fdb91ccb8bf7c54b2b4",
        "type": "github"
      },
      "original": {
        "owner": "NikSneMC",
        "repo": "activate-niksos",
        "type": "github"
      }
    },
    "agenix": {
      "inputs": {
        "darwin": [],
        "home-manager": [
          "hm"
        ],
        "nixpkgs": [
          "nixpkgs"
        ],
        "systems": [
          "systems"
        ]
      },
      "locked": {
        "lastModified": 1762618334,
        "narHash": "sha256-wyT7Pl6tMFbFrs8Lk/TlEs81N6L+VSybPfiIgzU8lbQ=",
        "owner": "ryantm",
        "repo": "agenix",
        "rev": "fcdea223397448d35d9b31f798479227e80183f6",
        "type": "github"
      },
      "original": {
        "owner": "ryantm",
        "repo": "agenix",
        "type": "github"
      }
    },
    "assets": {
      "flake": false,
      "locked": {
        "lastModified": 1754526800,
        "narHash": "sha256-YRtkbCyR1wOs0AiCAPEGRIUIIh7ui0s9hawbBzs+XwY=",
        "owner": "NikSneMC",
        "repo": "NikSOS",
        "rev": "963a6892f6cbd73ae94c374d8604b9d44a9a3ffc",
        "type": "github"
      },
      "original": {
        "owner": "NikSneMC",
        "ref": "assets",
        "repo": "NikSOS",
        "type": "github"
      }
    },
    "burpsuite-pro": {
      "inputs": {
        "nixpkgs": [
          "private",
          "nixpkgs"
        ]
      },
      "locked": {
        "lastModified": 1762554184,
        "narHash": "sha256-7gixVVVfOCLkhOHrdwZ5x+9P5bi07VPCwYrF3mzPFmU=",
        "owner": "xiv3r",
        "repo": "Burpsuite-Professional",
        "rev": "955f9b00fdf27d91e40909bd8f2727c6e0e5cec8",
        "type": "github"
      },
      "original": {
        "owner": "xiv3r",
        "repo": "Burpsuite-Professional",
        "type": "github"
      }
    },
    "catppuccin": {
      "inputs": {
        "nixpkgs": [
          "nixpkgs"
        ]
      },
      "locked": {
        "lastModified": 1764593106,
        "narHash": "sha256-a0wenkFBwR2lFoFub56cFy18xeoV6ylNJ4AZ+AUNY8c=",
        "owner": "NikSneMC",
        "repo": "catppuccin-nix",
        "rev": "dd2e9d47dd3bf29e944c06d0185c3659f197e3c4",
        "type": "github"
      },
      "original": {
        "owner": "NikSneMC",
        "repo": "catppuccin-nix",
        "type": "github"
      }
    },
    "discord-rpc-lsp": {
      "inputs": {
        "flake-utils": [
          "flake-utils"
        ],
        "nixpkgs": [
          "nixpkgs"
        ]
      },
      "locked": {
        "lastModified": 1755259527,
        "narHash": "sha256-c65MUoHqFl0ezFs/corRVuHzK1cnuZhOtdrj5wwYouo=",
        "owner": "invra",
        "repo": "discord-rpc-lsp",
        "rev": "f4f6ab950c109a9db765664d7087956a2d6c8f9e",
        "type": "gitlab"
      },
      "original": {
        "owner": "invra",
        "repo": "discord-rpc-lsp",
        "type": "gitlab"
      }
    },
    "disko": {
      "inputs": {
        "nixpkgs": [
          "nixpkgs"
        ]
      },
      "locked": {
        "lastModified": 1764350888,
        "narHash": "sha256-6Rp18zavTlnlZzcoLoBTJMBahL2FycVkw2rAEs3cQvo=",
        "owner": "nix-community",
        "repo": "disko",
        "rev": "2055a08fd0e2fd41318279a5355eb8a161accf26",
        "type": "github"
      },
      "original": {
        "owner": "nix-community",
        "repo": "disko",
        "type": "github"
      }
    },
    "fenix": {
      "inputs": {
        "nixpkgs": [
          "nixpkgs"
        ],
        "rust-analyzer-src": "rust-analyzer-src"
      },
      "locked": {
        "lastModified": 1764571808,
        "narHash": "sha256-+oo9W5rz03TjfpNqDSLEQwgKiuBbjrHdORyTHli2RuM=",
        "owner": "nix-community",
        "repo": "fenix",
        "rev": "df3c2e78ec13418f85c1f26e77a50f865ec57d38",
        "type": "github"
      },
      "original": {
        "owner": "nix-community",
        "repo": "fenix",
        "type": "github"
      }
    },
    "flake-compat": {
      "locked": {
        "lastModified": 1761588595,
        "narHash": "sha256-XKUZz9zewJNUj46b4AJdiRZJAvSZ0Dqj2BNfXvFlJC4=",
        "owner": "edolstra",
        "repo": "flake-compat",
        "rev": "f387cd2afec9419c8ee37694406ca490c3f34ee5",
        "type": "github"
      },
      "original": {
        "owner": "edolstra",
        "repo": "flake-compat",
        "type": "github"
      }
    },
    "flake-parts": {
      "inputs": {
        "nixpkgs-lib": [
          "nixpkgs"
        ]
      },
      "locked": {
        "lastModified": 1763759067,
        "narHash": "sha256-LlLt2Jo/gMNYAwOgdRQBrsRoOz7BPRkzvNaI/fzXi2Q=",
        "owner": "hercules-ci",
        "repo": "flake-parts",
        "rev": "2cccadc7357c0ba201788ae99c4dfa90728ef5e0",
        "type": "github"
      },
      "original": {
        "owner": "hercules-ci",
        "repo": "flake-parts",
        "type": "github"
      }
    },
    "flake-utils": {
      "inputs": {
        "systems": [
          "systems"
        ]
      },
      "locked": {
        "lastModified": 1731533236,
        "narHash": "sha256-l0KFg5HjrsfsO/JpG+r7fRrqm12kzFHyUHqHCVpMMbI=",
        "owner": "numtide",
        "repo": "flake-utils",
        "rev": "11707dc2f618dd54ca8739b309ec4fc024de578b",
        "type": "github"
      },
      "original": {
        "owner": "numtide",
        "repo": "flake-utils",
        "type": "github"
      }
    },
    "git-helper": {
      "inputs": {
        "fenix": [
          "fenix"
        ],
        "flake-utils": [
          "flake-utils"
        ],
        "naersk": [
          "naersk"
        ],
        "nixpkgs": [
          "nixpkgs"
        ]
      },
      "locked": {
        "lastModified": 1755197772,
        "narHash": "sha256-yDX7tNCNcVKkTGIfPf4PSHTgYMLSzTdx3zDkF0TtuD4=",
        "owner": "NiKSneMC",
        "repo": "git-helper",
        "rev": "fdd5571a2a5783ead29878a1204ad366904d692a",
        "type": "github"
      },
      "original": {
        "owner": "NiKSneMC",
        "repo": "git-helper",
        "type": "github"
      }
    },
    "git-hooks": {
      "inputs": {
        "flake-compat": [
          "flake-compat"
        ],
        "gitignore": "gitignore",
        "nixpkgs": [
          "nixpkgs"
        ]
      },
      "locked": {
        "lastModified": 1763988335,
        "narHash": "sha256-QlcnByMc8KBjpU37rbq5iP7Cp97HvjRP0ucfdh+M4Qc=",
        "owner": "cachix",
        "repo": "git-hooks.nix",
        "rev": "50b9238891e388c9fdc6a5c49e49c42533a1b5ce",
        "type": "github"
      },
      "original": {
        "owner": "cachix",
        "repo": "git-hooks.nix",
        "type": "github"
      }
    },
    "gitignore": {
      "inputs": {
        "nixpkgs": [
          "git-hooks",
          "nixpkgs"
        ]
      },
      "locked": {
        "lastModified": 1709087332,
        "narHash": "sha256-HG2cCnktfHsKV0s4XW83gU3F57gaTljL9KNSuG6bnQs=",
        "owner": "hercules-ci",
        "repo": "gitignore.nix",
        "rev": "637db329424fd7e46cf4185293b9cc8c88c95394",
        "type": "github"
      },
      "original": {
        "owner": "hercules-ci",
        "repo": "gitignore.nix",
        "type": "github"
      }
    },
    "gitignore_2": {
      "inputs": {
        "nixpkgs": [
          "wakatime-ls",
          "nixpkgs"
        ]
      },
      "locked": {
        "lastModified": 1709087332,
        "narHash": "sha256-HG2cCnktfHsKV0s4XW83gU3F57gaTljL9KNSuG6bnQs=",
        "owner": "hercules-ci",
        "repo": "gitignore.nix",
        "rev": "637db329424fd7e46cf4185293b9cc8c88c95394",
        "type": "github"
      },
      "original": {
        "owner": "hercules-ci",
        "repo": "gitignore.nix",
        "type": "github"
      }
    },
    "helix": {
      "inputs": {
        "nixpkgs": "nixpkgs",
        "rust-overlay": "rust-overlay"
      },
      "locked": {
        "lastModified": 1764536477,
        "narHash": "sha256-XVcMXXgZs4hxnyIto6oIPlSxfFZMWS6dsQolsagY0kU=",
        "owner": "helix-editor",
        "repo": "helix",
        "rev": "940c6be6756637887583772ef847d6e3186995ef",
        "type": "github"
      },
      "original": {
        "owner": "helix-editor",
        "repo": "helix",
        "type": "github"
      }
    },
    "hm": {
      "inputs": {
        "nixpkgs": [
          "nixpkgs"
        ]
      },
      "locked": {
        "lastModified": 1764544324,
        "narHash": "sha256-GVBGjO7UsmzLrlOJV8NlKSxukHaHencrJqWkCA6FkqI=",
        "owner": "nix-community",
        "repo": "home-manager",
        "rev": "e4e25a8c310fa45f2a8339c7972dc43d2845a612",
        "type": "github"
      },
      "original": {
        "owner": "nix-community",
        "repo": "home-manager",
        "type": "github"
      }
    },
    "master": {
      "locked": {
        "lastModified": 1764592151,
        "narHash": "sha256-LiPJPaiJgZf8fOk1aNqcOh+u6ONsXU8UPgrBbxv5+Es=",
        "owner": "NixOS",
        "repo": "nixpkgs",
        "rev": "8231952da7c8bfbe1e01d4891bf114f4c3b5d83d",
        "type": "github"
      },
      "original": {
        "owner": "NixOS",
        "ref": "master",
        "repo": "nixpkgs",
        "type": "github"
      }
    },
    "naersk": {
      "inputs": {
        "fenix": [
          "fenix"
        ],
        "nixpkgs": [
          "nixpkgs"
        ]
      },
      "locked": {
        "lastModified": 1763384566,
        "narHash": "sha256-r+wgI+WvNaSdxQmqaM58lVNvJYJ16zoq+tKN20cLst4=",
        "owner": "nix-community",
        "repo": "naersk",
        "rev": "d4155d6ebb70fbe2314959842f744aa7cabbbf6a",
        "type": "github"
      },
      "original": {
        "owner": "nix-community",
        "repo": "naersk",
        "type": "github"
      }
    },
    "nikspkgs": {
      "locked": {
        "lastModified": 1758005306,
        "narHash": "sha256-MKkvSCddCUsYfcmlgqr863/VqUaq9Lzkqq7BU5rOo7E=",
        "owner": "NikSneMC",
        "repo": "NikSpkgs",
        "rev": "e0d674b88a62219db598fe76b9376eb164c3837e",
        "type": "github"
      },
      "original": {
        "owner": "NikSneMC",
        "ref": "niksos",
        "repo": "NikSpkgs",
        "type": "github"
      }
    },
    "niri-flake": {
      "inputs": {
        "niri-stable": "niri-stable",
        "niri-unstable": "niri-unstable",
        "nixpkgs": "nixpkgs_2",
        "nixpkgs-stable": "nixpkgs-stable",
        "xwayland-satellite-stable": "xwayland-satellite-stable",
        "xwayland-satellite-unstable": "xwayland-satellite-unstable"
      },
      "locked": {
        "lastModified": 1764563982,
        "narHash": "sha256-6pB9TEo5++jkowiajprT6kqDuEYlGrvyIjTc86hZn2M=",
        "owner": "sodiboo",
        "repo": "niri-flake",
        "rev": "9b1ac5828fc04bd7b07f147f26908eeaebb31ca7",
        "type": "github"
      },
      "original": {
        "owner": "sodiboo",
        "repo": "niri-flake",
        "type": "github"
      }
    },
    "niri-stable": {
      "flake": false,
      "locked": {
        "lastModified": 1756556321,
        "narHash": "sha256-RLD89dfjN0RVO86C/Mot0T7aduCygPGaYbog566F0Qo=",
        "owner": "YaLTeR",
        "repo": "niri",
        "rev": "01be0e65f4eb91a9cd624ac0b76aaeab765c7294",
        "type": "github"
      },
      "original": {
        "owner": "YaLTeR",
        "ref": "v25.08",
        "repo": "niri",
        "type": "github"
      }
    },
    "niri-unstable": {
      "flake": false,
      "locked": {
        "lastModified": 1764485473,
        "narHash": "sha256-RlGEcuZFB/IdvYLrYsf0RpgvNtCMyIuBLt3lS+GZvP8=",
        "owner": "YaLTeR",
        "repo": "niri",
        "rev": "311ca6b5da19f5acd7d3e481620de57240ce8f7c",
        "type": "github"
      },
      "original": {
        "owner": "YaLTeR",
        "repo": "niri",
        "type": "github"
      }
    },
    "nix-minecraft": {
      "inputs": {
        "flake-compat": [
          "private",
          "flake-compat"
        ],
        "flake-utils": [
          "private",
          "flake-utils"
        ],
        "nixpkgs": [
          "private",
          "nixpkgs"
        ]
      },
      "locked": {
        "lastModified": 1764986396,
        "narHash": "sha256-HYBvpziKGvKY/XfMCBRCTuUUqhPWjWiWaPthIsPzGDk=",
        "owner": "Infinidoge",
        "repo": "nix-minecraft",
        "rev": "70b931d67256ad7ebfced45ed797c016943bbff2",
        "type": "github"
      },
      "original": {
        "owner": "Infinidoge",
        "repo": "nix-minecraft",
        "type": "github"
      }
    },
    "nix-python": {
      "inputs": {
        "flake-compat": [
          "private",
          "flake-compat"
        ],
        "flake-utils": [
          "private",
          "flake-utils"
        ],
        "nixpkgs": [
          "private",
          "nixpkgs"
        ]
      },
      "locked": {
        "lastModified": 1728241922,
        "narHash": "sha256-9LEp3jAZSJFiUWZ8YDJXSrf7pOJ3ShCNK+EQZjajl8Q=",
        "owner": "NiKSneMC",
        "repo": "nix-python",
        "rev": "8e770b13f30e2dff3497580ae52db83a8b904ebb",
        "type": "github"
      },
      "original": {
        "owner": "NiKSneMC",
        "repo": "nix-python",
        "type": "github"
      }
    },
    "nixos-avf": {
      "inputs": {
        "nixpkgs": [
          "nixpkgs"
        ]
      },
      "locked": {
        "lastModified": 1765447276,
        "narHash": "sha256-LCPbQmI40wpwnlyLneMCnYdH+8XiFkXYb9hDBBKSGT0=",
        "owner": "NikSneMC",
        "repo": "nixos-avf",
        "rev": "22fd49132e9860950a253966f5e6e4afee56000c",
        "type": "github"
      },
      "original": {
        "owner": "NikSneMC",
        "repo": "nixos-avf",
        "type": "github"
      }
    },
    "nixos-hardware": {
      "locked": {
        "lastModified": 1764440730,
        "narHash": "sha256-ZlJTNLUKQRANlLDomuRWLBCH5792x+6XUJ4YdFRjtO4=",
        "owner": "NixOS",
        "repo": "nixos-hardware",
        "rev": "9154f4569b6cdfd3c595851a6ba51bfaa472d9f3",
        "type": "github"
      },
      "original": {
        "owner": "NixOS",
        "repo": "nixos-hardware",
        "type": "github"
      }
    },
    "nixos-wsl": {
      "inputs": {
        "flake-compat": [
          "flake-compat"
        ],
        "nixpkgs": [
          "nixpkgs"
        ]
      },
      "locked": {
        "lastModified": 1764591717,
        "narHash": "sha256-T/HMA0Bb/O6UnlGQ0Xt+wGe1j8m7eyyQ5+vVcCJslsM=",
        "owner": "nix-community",
        "repo": "NixOS-WSL",
        "rev": "84d1dab290feb4865d0cfcffc7aa0cf9bc65c3b7",
        "type": "github"
      },
      "original": {
        "owner": "nix-community",
        "repo": "NixOS-WSL",
        "type": "github"
      }
    },
    "nixpkgs": {
      "locked": {
        "lastModified": 1759381078,
        "narHash": "sha256-gTrEEp5gEspIcCOx9PD8kMaF1iEmfBcTbO0Jag2QhQs=",
        "owner": "nixos",
        "repo": "nixpkgs",
        "rev": "7df7ff7d8e00218376575f0acdcc5d66741351ee",
        "type": "github"
      },
      "original": {
        "owner": "nixos",
        "ref": "nixos-unstable",
        "repo": "nixpkgs",
        "type": "github"
      }
    },
    "nixpkgs-stable": {
      "locked": {
        "lastModified": 1764316264,
        "narHash": "sha256-82L+EJU+40+FIdeG4gmUlOF1jeSwlf2AwMarrpdHF6o=",
        "owner": "NixOS",
        "repo": "nixpkgs",
        "rev": "9a7b80b6f82a71ea04270d7ba11b48855681c4b0",
        "type": "github"
      },
      "original": {
        "owner": "NixOS",
        "ref": "nixos-25.05",
        "repo": "nixpkgs",
        "type": "github"
      }
    },
    "nixpkgs_2": {
      "locked": {
        "lastModified": 1764517877,
        "narHash": "sha256-pp3uT4hHijIC8JUK5MEqeAWmParJrgBVzHLNfJDZxg4=",
        "owner": "NixOS",
        "repo": "nixpkgs",
        "rev": "2d293cbfa5a793b4c50d17c05ef9e385b90edf6c",
        "type": "github"
      },
      "original": {
        "owner": "NixOS",
        "ref": "nixos-unstable",
        "repo": "nixpkgs",
        "type": "github"
      }
    },
    "nixpkgs_3": {
      "locked": {
        "lastModified": 1761468971,
        "narHash": "sha256-vY2OLVg5ZTobdroQKQQSipSIkHlxOTrIF1fsMzPh8w8=",
        "owner": "NixOS",
        "repo": "nixpkgs",
        "rev": "78e34d1667d32d8a0ffc3eba4591ff256e80576e",
        "type": "github"
      },
      "original": {
        "owner": "NixOS",
        "ref": "nixos-25.05",
        "repo": "nixpkgs",
        "type": "github"
      }
    },
    "private": {
      "inputs": {
        "burpsuite-pro": "burpsuite-pro",
        "flake-compat": [
          "flake-parts"
        ],
        "flake-utils": [
          "flake-utils"
        ],
        "nix-minecraft": "nix-minecraft",
        "nix-python": "nix-python",
        "nixpkgs": [
          "nixpkgs"
        ],
        "systems": [
          "systems"
        ]
      },
      "locked": {
        "lastModified": 1765438708,
        "narHash": "sha256-XW4hZG97I7eSb6jEP858szgGR3ztOthVDH20bK7SP+s=",
        "owner": "NikSneMC",
        "repo": "NikSOS-private",
        "rev": "19232d5a19ba05786c1560a0fe92a61a7a919d86",
        "type": "github"
      },
      "original": {
        "owner": "NikSneMC",
        "repo": "NikSOS-private",
        "type": "github"
      }
    },
    "root": {
      "inputs": {
        "activate-niksos": "activate-niksos",
        "agenix": "agenix",
        "assets": "assets",
        "catppuccin": "catppuccin",
        "discord-rpc-lsp": "discord-rpc-lsp",
        "disko": "disko",
        "fenix": "fenix",
        "flake-compat": "flake-compat",
        "flake-parts": "flake-parts",
        "flake-utils": "flake-utils",
        "git-helper": "git-helper",
        "git-hooks": "git-hooks",
        "helix": "helix",
        "hm": "hm",
        "master": "master",
        "naersk": "naersk",
        "nikspkgs": "nikspkgs",
        "niri-flake": "niri-flake",
        "nixos-avf": "nixos-avf",
        "nixos-hardware": "nixos-hardware",
        "nixos-wsl": "nixos-wsl",
        "nixpkgs": [
          "unstable"
        ],
        "private": "private",
        "spicetify-nix": "spicetify-nix",
        "stable": "stable",
        "systems": "systems",
        "unstable": "unstable",
        "wakatime-ls": "wakatime-ls",
        "zen-browser": "zen-browser"
      }
    },
    "rust-analyzer-src": {
      "flake": false,
      "locked": {
        "lastModified": 1764525349,
        "narHash": "sha256-vR3vU9AwzMsBvjNeeG2inA5W/2MwseFk5NIIrLFEMHk=",
        "owner": "rust-lang",
        "repo": "rust-analyzer",
        "rev": "d646b23f000d099d845f999c2c1e05b15d9cdc78",
        "type": "github"
      },
      "original": {
        "owner": "rust-lang",
        "ref": "nightly",
        "repo": "rust-analyzer",
        "type": "github"
      }
    },
    "rust-overlay": {
      "inputs": {
        "nixpkgs": [
          "helix",
          "nixpkgs"
        ]
      },
      "locked": {
        "lastModified": 1759631821,
        "narHash": "sha256-V8A1L0FaU/aSXZ1QNJScxC12uP4hANeRBgI4YdhHeRM=",
        "owner": "oxalica",
        "repo": "rust-overlay",
        "rev": "1d7cbdaad90f8a5255a89a6eddd8af24dc89cafe",
        "type": "github"
      },
      "original": {
        "owner": "oxalica",
        "repo": "rust-overlay",
        "type": "github"
      }
    },
    "rust-overlay_2": {
      "inputs": {
        "nixpkgs": [
          "wakatime-ls",
          "nixpkgs"
        ]
      },
      "locked": {
        "lastModified": 1761705569,
        "narHash": "sha256-dqljv29XldlKvdTwFw8GkxOQHrz3/13yxdwHW8+nzBI=",
        "owner": "oxalica",
        "repo": "rust-overlay",
        "rev": "bca7909cb02f5139e0a490b0ff4bae775ea3ebf6",
        "type": "github"
      },
      "original": {
        "owner": "oxalica",
        "repo": "rust-overlay",
        "type": "github"
      }
    },
    "spicetify-nix": {
      "inputs": {
        "nixpkgs": [
          "nixpkgs"
        ],
        "systems": [
          "systems"
        ]
      },
      "locked": {
        "lastModified": 1763985453,
        "narHash": "sha256-vUqODgLIjeyHN7DP8dVx7oH9yB/L8qcxpN//4EmMQcM=",
        "owner": "Gerg-L",
        "repo": "spicetify-nix",
        "rev": "89cd40c646ec5b12e5c20c0e18f082e7629d4819",
        "type": "github"
      },
      "original": {
        "owner": "Gerg-L",
        "repo": "spicetify-nix",
        "type": "github"
      }
    },
    "stable": {
      "locked": {
        "lastModified": 1764560356,
        "narHash": "sha256-M5aFEFPppI4UhdOxwdmceJ9bDJC4T6C6CzCK1E2FZyo=",
        "owner": "NixOS",
        "repo": "nixpkgs",
        "rev": "6c8f0cca84510cc79e09ea99a299c9bc17d03cb6",
        "type": "github"
      },
      "original": {
        "owner": "NixOS",
        "ref": "nixos-25.05",
        "repo": "nixpkgs",
        "type": "github"
      }
    },
    "systems": {
      "locked": {
        "lastModified": 1689347949,
        "narHash": "sha256-12tWmuL2zgBgZkdoB6qXZsgJEH9LR3oUgpaQq2RbI80=",
        "owner": "nix-systems",
        "repo": "default-linux",
        "rev": "31732fcf5e8fea42e59c2488ad31a0e651500f68",
        "type": "github"
      },
      "original": {
        "owner": "nix-systems",
        "repo": "default-linux",
        "type": "github"
      }
    },
    "unstable": {
      "locked": {
        "lastModified": 1764517877,
        "narHash": "sha256-pp3uT4hHijIC8JUK5MEqeAWmParJrgBVzHLNfJDZxg4=",
        "owner": "NixOS",
        "repo": "nixpkgs",
        "rev": "2d293cbfa5a793b4c50d17c05ef9e385b90edf6c",
        "type": "github"
      },
      "original": {
        "owner": "NixOS",
        "ref": "nixos-unstable",
        "repo": "nixpkgs",
        "type": "github"
      }
    },
    "wakatime-ls": {
      "inputs": {
        "gitignore": "gitignore_2",
        "nixpkgs": "nixpkgs_3",
        "rust-overlay": "rust-overlay_2"
      },
      "locked": {
        "lastModified": 1761849542,
        "narHash": "sha256-5fNSKIUG54TD5jq5hgsCmB4FB0mO8teiBE18fU81mfc=",
        "owner": "mrnossiom",
        "repo": "wakatime-ls",
        "rev": "89e4091ef5e4c1830dd9bd463f8b063f8335bfad",
        "type": "github"
      },
      "original": {
        "owner": "mrnossiom",
        "repo": "wakatime-ls",
        "type": "github"
      }
    },
    "xwayland-satellite-stable": {
      "flake": false,
      "locked": {
        "lastModified": 1755491097,
        "narHash": "sha256-m+9tUfsmBeF2Gn4HWa6vSITZ4Gz1eA1F5Kh62B0N4oE=",
        "owner": "Supreeeme",
        "repo": "xwayland-satellite",
        "rev": "388d291e82ffbc73be18169d39470f340707edaa",
        "type": "github"
      },
      "original": {
        "owner": "Supreeeme",
        "ref": "v0.7",
        "repo": "xwayland-satellite",
        "type": "github"
      }
    },
    "xwayland-satellite-unstable": {
      "flake": false,
      "locked": {
        "lastModified": 1764560400,
        "narHash": "sha256-Qz1WvGdawnoz4dG3JtCtlParmdQHM5xu6osnXeVOqYI=",
        "owner": "Supreeeme",
        "repo": "xwayland-satellite",
        "rev": "9a71e77b1e06dbad4a472265e59b52ac83cbe00c",
        "type": "github"
      },
      "original": {
        "owner": "Supreeeme",
        "repo": "xwayland-satellite",
        "type": "github"
      }
    },
    "zen-browser": {
      "inputs": {
        "nixpkgs": [
          "nixpkgs"
        ]
      },
      "locked": {
        "lastModified": 1765416114,
        "narHash": "sha256-uEFgGK9VhhcvPlEDjVUyMY2bTVzzuG1wWrM1OmhGcdg=",
        "owner": "NikSneMC",
        "repo": "zen-browser-flake",
        "rev": "089231862c4a3abfb5fc8a32511f1eac6daa5ab1",
        "type": "github"
      },
      "original": {
        "owner": "NikSneMC",
        "repo": "zen-browser-flake",
        "type": "github"
      }
    }
  },
  "root": "root",
  "version": 7
}
