{
  "nodes": {
    "flake-utils": {
      "inputs": {
        "systems": "systems"
      },
      "locked": {
        "lastModified": 1705309234,
        "narHash": "sha256-uNRRNRKmJyCRC/8y1RqBkqWBLM034y4qN7EprSdmgyA=",
        "owner": "numtide",
        "repo": "flake-utils",
        "rev": "1ef2e671c3b0c19053962c07dbda38332dcebf26",
        "type": "github"
      },
      "original": {
        "owner": "numtide",
        "repo": "flake-utils",
        "type": "github"
      }
    },
    "nikspkgs": {
      "locked": {
        "lastModified": 1710392115,
        "narHash": "sha256-sW28JA+v2VMZFRIw3Dgqb0b/TQoM8XohueRvg4H7GWA=",
        "owner": "niksnemc",
        "repo": "nikspkgs",
        "rev": "9eee56ef4649a651627b6fe0182187b08360ebda",
        "type": "github"
      },
      "original": {
        "owner": "niksnemc",
        "repo": "nikspkgs",
        "type": "github"
      }
    },
    "nixpkgs": {
      "locked": {
        "lastModified": 1710451336,
        "narHash": "sha256-pP86Pcfu3BrAvRO7R64x7hs+GaQrjFes+mEPowCfkxY=",
        "owner": "NixOS",
        "repo": "nixpkgs",
        "rev": "d691274a972b3165335d261cc4671335f5c67de9",
        "type": "github"
      },
      "original": {
        "owner": "NixOS",
        "ref": "nixos-unstable",
        "repo": "nixpkgs",
        "type": "github"
      }
    },
    "nixpkgs-stable": {
      "locked": {
        "lastModified": 1710283656,
        "narHash": "sha256-nI+AOy4uK6jLGBi9nsbHjL1EdSIzoo8oa+9oeVhbyFc=",
        "owner": "NixOS",
        "repo": "nixpkgs",
        "rev": "51063ed4f2343a59fdeebb279bb81d87d453942b",
        "type": "github"
      },
      "original": {
        "owner": "NixOS",
        "ref": "nixos-23.11",
        "repo": "nixpkgs",
        "type": "github"
      }
    },
    "nixpkgs_2": {
      "locked": {
        "lastModified": 1706487304,
        "narHash": "sha256-LE8lVX28MV2jWJsidW13D2qrHU/RUUONendL2Q/WlJg=",
        "owner": "NixOS",
        "repo": "nixpkgs",
        "rev": "90f456026d284c22b3e3497be980b2e47d0b28ac",
        "type": "github"
      },
      "original": {
        "owner": "NixOS",
        "ref": "nixpkgs-unstable",
        "repo": "nixpkgs",
        "type": "github"
      }
    },
    "root": {
      "inputs": {
        "nikspkgs": "nikspkgs",
        "nixpkgs": "nixpkgs",
        "nixpkgs-stable": "nixpkgs-stable",
        "rust-overlay": "rust-overlay"
      }
    },
    "rust-overlay": {
      "inputs": {
        "flake-utils": "flake-utils",
        "nixpkgs": "nixpkgs_2"
      },
      "locked": {
        "lastModified": 1710382258,
        "narHash": "sha256-2FW1q+o34VBweYQiEkRaSEkNMq3ecrn83VzETeGiVbY=",
        "owner": "oxalica",
        "repo": "rust-overlay",
        "rev": "8ce81e71ab04a7e906fae62da086d6ee5d6cfc21",
        "type": "github"
      },
      "original": {
        "owner": "oxalica",
        "repo": "rust-overlay",
        "type": "github"
      }
    },
    "systems": {
      "locked": {
        "lastModified": 1681028828,
        "narHash": "sha256-Vy1rq5AaRuLzOxct8nz4T6wlgyUR7zLU309k9mBC768=",
        "owner": "nix-systems",
        "repo": "default",
        "rev": "da67096a3b9bf56a91d16901293e51ba5b49a27e",
        "type": "github"
      },
      "original": {
        "owner": "nix-systems",
        "repo": "default",
        "type": "github"
      }
    }
  },
  "root": "root",
  "version": 7
}
